
Microsoft Visual Studio Solution File, Format Version 12.00
# Visual Studio Version 17
VisualStudioVersion = 17.8.34525.116
MinimumVisualStudioVersion = 10.0.40219.1
Project("{9A19103F-16F7-4668-BE54-9A1E7A4F7556}") = "OKeeffeCraft.Api", "OKeeffeCraft.Api\OKeeffeCraft.Api.csproj", "{C609695B-5AA6-4D37-AA1C-51094C8F73E2}"
EndProject
Project("{FAE04EC0-301F-11D3-BF4B-00C04F79EFBC}") = "OKeeffeCraft.Core", "OKeeffeCraft.Core\OKeeffeCraft.Core.csproj", "{C3B35880-3D18-4C46-AA61-9DA0DA734831}"
EndProject
Project("{FAE04EC0-301F-11D3-BF4B-00C04F79EFBC}") = "OKeeffeCraft.Entities", "OKeeffeCraft.Entities\OKeeffeCraft.Entities.csproj", "{18DE2156-03A6-449D-AFCA-99E7598D9D65}"
EndProject
Project("{FAE04EC0-301F-11D3-BF4B-00C04F79EFBC}") = "OKeeffeCraft.Database", "OKeeffeCraft.Database\OKeeffeCraft.Database.csproj", "{F28F99B3-41A6-436D-8DE9-88731117760B}"
EndProject
Project("{FAE04EC0-301F-11D3-BF4B-00C04F79EFBC}") = "OKeeffeCraft.Models", "OKeeffeCraft.Models\OKeeffeCraft.Models.csproj", "{429A7BAF-8BB3-432D-86C3-04202123494E}"
EndProject
Project("{FAE04EC0-301F-11D3-BF4B-00C04F79EFBC}") = "OKeeffeCraft.Helpers", "OKeeffeCraft.Helpers\OKeeffeCraft.Helpers.csproj", "{F73DED1D-DD35-483A-9DAD-84D87896B1AD}"
EndProject
Project("{FAE04EC0-301F-11D3-BF4B-00C04F79EFBC}") = "OKeeffeCraft.Authorization", "OKeeffeCraft.Authorization\OKeeffeCraft.Authorization.csproj", "{7BCAFFD2-0215-488A-88C0-8F06DF872ABB}"
EndProject
Global
	GlobalSection(SolutionConfigurationPlatforms) = preSolution
		Debug|Any CPU = Debug|Any CPU
		Release|Any CPU = Release|Any CPU
	EndGlobalSection
	GlobalSection(ProjectConfigurationPlatforms) = postSolution
		{C609695B-5AA6-4D37-AA1C-51094C8F73E2}.Debug|Any CPU.ActiveCfg = Debug|Any CPU
		{C609695B-5AA6-4D37-AA1C-51094C8F73E2}.Debug|Any CPU.Build.0 = Debug|Any CPU
		{C609695B-5AA6-4D37-AA1C-51094C8F73E2}.Release|Any CPU.ActiveCfg = Release|Any CPU
		{C609695B-5AA6-4D37-AA1C-51094C8F73E2}.Release|Any CPU.Build.0 = Release|Any CPU
		{C3B35880-3D18-4C46-AA61-9DA0DA734831}.Debug|Any CPU.ActiveCfg = Debug|Any CPU
		{C3B35880-3D18-4C46-AA61-9DA0DA734831}.Debug|Any CPU.Build.0 = Debug|Any CPU
		{C3B35880-3D18-4C46-AA61-9DA0DA734831}.Release|Any CPU.ActiveCfg = Release|Any CPU
		{C3B35880-3D18-4C46-AA61-9DA0DA734831}.Release|Any CPU.Build.0 = Release|Any CPU
		{18DE2156-03A6-449D-AFCA-99E7598D9D65}.Debug|Any CPU.ActiveCfg = Debug|Any CPU
		{18DE2156-03A6-449D-AFCA-99E7598D9D65}.Debug|Any CPU.Build.0 = Debug|Any CPU
		{18DE2156-03A6-449D-AFCA-99E7598D9D65}.Release|Any CPU.ActiveCfg = Release|Any CPU
		{18DE2156-03A6-449D-AFCA-99E7598D9D65}.Release|Any CPU.Build.0 = Release|Any CPU
		{F28F99B3-41A6-436D-8DE9-88731117760B}.Debug|Any CPU.ActiveCfg = Debug|Any CPU
		{F28F99B3-41A6-436D-8DE9-88731117760B}.Debug|Any CPU.Build.0 = Debug|Any CPU
		{F28F99B3-41A6-436D-8DE9-88731117760B}.Release|Any CPU.ActiveCfg = Release|Any CPU
		{F28F99B3-41A6-436D-8DE9-88731117760B}.Release|Any CPU.Build.0 = Release|Any CPU
		{429A7BAF-8BB3-432D-86C3-04202123494E}.Debug|Any CPU.ActiveCfg = Debug|Any CPU
		{429A7BAF-8BB3-432D-86C3-04202123494E}.Debug|Any CPU.Build.0 = Debug|Any CPU
		{429A7BAF-8BB3-432D-86C3-04202123494E}.Release|Any CPU.ActiveCfg = Release|Any CPU
		{429A7BAF-8BB3-432D-86C3-04202123494E}.Release|Any CPU.Build.0 = Release|Any CPU
		{F73DED1D-DD35-483A-9DAD-84D87896B1AD}.Debug|Any CPU.ActiveCfg = Debug|Any CPU
		{F73DED1D-DD35-483A-9DAD-84D87896B1AD}.Debug|Any CPU.Build.0 = Debug|Any CPU
		{F73DED1D-DD35-483A-9DAD-84D87896B1AD}.Release|Any CPU.ActiveCfg = Release|Any CPU
		{F73DED1D-DD35-483A-9DAD-84D87896B1AD}.Release|Any CPU.Build.0 = Release|Any CPU
		{7BCAFFD2-0215-488A-88C0-8F06DF872ABB}.Debug|Any CPU.ActiveCfg = Debug|Any CPU
		{7BCAFFD2-0215-488A-88C0-8F06DF872ABB}.Debug|Any CPU.Build.0 = Debug|Any CPU
		{7BCAFFD2-0215-488A-88C0-8F06DF872ABB}.Release|Any CPU.ActiveCfg = Release|Any CPU
		{7BCAFFD2-0215-488A-88C0-8F06DF872ABB}.Release|Any CPU.Build.0 = Release|Any CPU
	EndGlobalSection
	GlobalSection(SolutionProperties) = preSolution
		HideSolutionNode = FALSE
	EndGlobalSection
	GlobalSection(ExtensibilityGlobals) = postSolution
		SolutionGuid = {3B690B0F-E6EF-44DF-AB7C-E1320FCD1845}
	EndGlobalSection
EndGlobal
